// !$*UTF8*$!
{
	archiveVersion = 1;
	classes = {
	};
	objectVersion = 56;
	objects = {

/* Begin PBXBuildFile section */
		1D813E1B2CABF90400663B93 /* AppDelegate.swift in Sources */ = {isa = PBXBuildFile; fileRef = 1D813E1A2CABF90400663B93 /* AppDelegate.swift */; };
		1D813E1D2CABF90400663B93 /* SceneDelegate.swift in Sources */ = {isa = PBXBuildFile; fileRef = 1D813E1C2CABF90400663B93 /* SceneDelegate.swift */; };
		1D813E1F2CABF90400663B93 /* ViewController.swift in Sources */ = {isa = PBXBuildFile; fileRef = 1D813E1E2CABF90400663B93 /* ViewController.swift */; };
		1D813E222CABF90400663B93 /* Base in Resources */ = {isa = PBXBuildFile; fileRef = 1D813E212CABF90400663B93 /* Base */; };
		1D813E242CABF90800663B93 /* Assets.xcassets in Resources */ = {isa = PBXBuildFile; fileRef = 1D813E232CABF90800663B93 /* Assets.xcassets */; };
		1D813E272CABF90800663B93 /* Base in Resources */ = {isa = PBXBuildFile; fileRef = 1D813E262CABF90800663B93 /* Base */; };
		1D8322BA2CAE9EE00094903A /* FirebaseAnalytics in Frameworks */ = {isa = PBXBuildFile; productRef = 1D8322B92CAE9EE00094903A /* FirebaseAnalytics */; };
		1D8322BC2CAE9EE00094903A /* FirebaseAnalyticsOnDeviceConversion in Frameworks */ = {isa = PBXBuildFile; productRef = 1D8322BB2CAE9EE00094903A /* FirebaseAnalyticsOnDeviceConversion */; };
		1D8322BE2CAE9EE00094903A /* FirebaseAnalyticsWithoutAdIdSupport in Frameworks */ = {isa = PBXBuildFile; productRef = 1D8322BD2CAE9EE00094903A /* FirebaseAnalyticsWithoutAdIdSupport */; };
		1D8322C02CAE9EE00094903A /* FirebaseAppCheck in Frameworks */ = {isa = PBXBuildFile; productRef = 1D8322BF2CAE9EE00094903A /* FirebaseAppCheck */; };
		1D8322C22CAE9EE00094903A /* FirebaseAppDistribution-Beta in Frameworks */ = {isa = PBXBuildFile; productRef = 1D8322C12CAE9EE00094903A /* FirebaseAppDistribution-Beta */; };
		1D8322C42CAEA7340094903A /* Service.swift in Sources */ = {isa = PBXBuildFile; fileRef = 1D8322C32CAEA7340094903A /* Service.swift */; };
		1D8322C72CAEA7C10094903A /* FirebaseAuth in Frameworks */ = {isa = PBXBuildFile; productRef = 1D8322C62CAEA7C10094903A /* FirebaseAuth */; };
		1D8322C92CAEA7C50094903A /* FirebaseCore in Frameworks */ = {isa = PBXBuildFile; productRef = 1D8322C82CAEA7C50094903A /* FirebaseCore */; };
		1D8322CB2CAEA7D10094903A /* FirebaseDatabase in Frameworks */ = {isa = PBXBuildFile; productRef = 1D8322CA2CAEA7D10094903A /* FirebaseDatabase */; };
		1D8322CD2CAEA7D60094903A /* FirebaseFirestore in Frameworks */ = {isa = PBXBuildFile; productRef = 1D8322CC2CAEA7D60094903A /* FirebaseFirestore */; };
		1D8322CF2CAEA7DF0094903A /* FirebaseStorage in Frameworks */ = {isa = PBXBuildFile; productRef = 1D8322CE2CAEA7DF0094903A /* FirebaseStorage */; };
		1D8322D12CAEA8E00094903A /* GoogleService-Info.plist in Resources */ = {isa = PBXBuildFile; fileRef = 1D8322D02CAEA8E00094903A /* GoogleService-Info.plist */; };
/* End PBXBuildFile section */

/* Begin PBXFileReference section */
		1D813E172CABF90400663B93 /* HW5M3P8_Persistent.app */ = {isa = PBXFileReference; explicitFileType = wrapper.application; includeInIndex = 0; path = HW5M3P8_Persistent.app; sourceTree = BUILT_PRODUCTS_DIR; };
		1D813E1A2CABF90400663B93 /* AppDelegate.swift */ = {isa = PBXFileReference; lastKnownFileType = sourcecode.swift; path = AppDelegate.swift; sourceTree = "<group>"; };
		1D813E1C2CABF90400663B93 /* SceneDelegate.swift */ = {isa = PBXFileReference; lastKnownFileType = sourcecode.swift; path = SceneDelegate.swift; sourceTree = "<group>"; };
		1D813E1E2CABF90400663B93 /* ViewController.swift */ = {isa = PBXFileReference; lastKnownFileType = sourcecode.swift; path = ViewController.swift; sourceTree = "<group>"; };
		1D813E212CABF90400663B93 /* Base */ = {isa = PBXFileReference; lastKnownFileType = file.storyboard; name = Base; path = Base.lproj/Main.storyboard; sourceTree = "<group>"; };
		1D813E232CABF90800663B93 /* Assets.xcassets */ = {isa = PBXFileReference; lastKnownFileType = folder.assetcatalog; path = Assets.xcassets; sourceTree = "<group>"; };
		1D813E262CABF90800663B93 /* Base */ = {isa = PBXFileReference; lastKnownFileType = file.storyboard; name = Base; path = Base.lproj/LaunchScreen.storyboard; sourceTree = "<group>"; };
		1D813E282CABF90800663B93 /* Info.plist */ = {isa = PBXFileReference; lastKnownFileType = text.plist.xml; path = Info.plist; sourceTree = "<group>"; };
		1D8322C32CAEA7340094903A /* Service.swift */ = {isa = PBXFileReference; lastKnownFileType = sourcecode.swift; path = Service.swift; sourceTree = "<group>"; };
		1D8322D02CAEA8E00094903A /* GoogleService-Info.plist */ = {isa = PBXFileReference; fileEncoding = 4; lastKnownFileType = text.plist.xml; name = "GoogleService-Info.plist"; path = "../../../../../Downloads/GoogleService-Info.plist"; sourceTree = "<group>"; };
/* End PBXFileReference section */

/* Begin PBXFrameworksBuildPhase section */
		1D813E142CABF90400663B93 /* Frameworks */ = {
			isa = PBXFrameworksBuildPhase;
			buildActionMask = 2147483647;
			files = (
				1D8322C02CAE9EE00094903A /* FirebaseAppCheck in Frameworks */,
				1D8322C72CAEA7C10094903A /* FirebaseAuth in Frameworks */,
				1D8322BA2CAE9EE00094903A /* FirebaseAnalytics in Frameworks */,
				1D8322CF2CAEA7DF0094903A /* FirebaseStorage in Frameworks */,
				1D8322C22CAE9EE00094903A /* FirebaseAppDistribution-Beta in Frameworks */,
				1D8322C92CAEA7C50094903A /* FirebaseCore in Frameworks */,
				1D8322CD2CAEA7D60094903A /* FirebaseFirestore in Frameworks */,
				1D8322BE2CAE9EE00094903A /* FirebaseAnalyticsWithoutAdIdSupport in Frameworks */,
				1D8322CB2CAEA7D10094903A /* FirebaseDatabase in Frameworks */,
				1D8322BC2CAE9EE00094903A /* FirebaseAnalyticsOnDeviceConversion in Frameworks */,
			);
			runOnlyForDeploymentPostprocessing = 0;
		};
/* End PBXFrameworksBuildPhase section */

/* Begin PBXGroup section */
		1D813E0E2CABF90400663B93 = {
			isa = PBXGroup;
			children = (
				1D813E192CABF90400663B93 /* HW5M3P8_Persistent */,
				1D813E182CABF90400663B93 /* Products */,
				1D8322C52CAEA7C10094903A /* Frameworks */,
			);
			sourceTree = "<group>";
		};
		1D813E182CABF90400663B93 /* Products */ = {
			isa = PBXGroup;
			children = (
				1D813E172CABF90400663B93 /* HW5M3P8_Persistent.app */,
			);
			name = Products;
			sourceTree = "<group>";
		};
		1D813E192CABF90400663B93 /* HW5M3P8_Persistent */ = {
			isa = PBXGroup;
			children = (
				1D8322D02CAEA8E00094903A /* GoogleService-Info.plist */,
				1D813E1A2CABF90400663B93 /* AppDelegate.swift */,
				1D813E1C2CABF90400663B93 /* SceneDelegate.swift */,
				1D813E1E2CABF90400663B93 /* ViewController.swift */,
				1D8322C32CAEA7340094903A /* Service.swift */,
				1D813E202CABF90400663B93 /* Main.storyboard */,
				1D813E232CABF90800663B93 /* Assets.xcassets */,
				1D813E252CABF90800663B93 /* LaunchScreen.storyboard */,
				1D813E282CABF90800663B93 /* Info.plist */,
			);
			path = HW5M3P8_Persistent;
			sourceTree = "<group>";
		};
		1D8322C52CAEA7C10094903A /* Frameworks */ = {
			isa = PBXGroup;
			children = (
			);
			name = Frameworks;
			sourceTree = "<group>";
		};
/* End PBXGroup section */

/* Begin PBXNativeTarget section */
		1D813E162CABF90400663B93 /* HW5M3P8_Persistent */ = {
			isa = PBXNativeTarget;
			buildConfigurationList = 1D813E2B2CABF90800663B93 /* Build configuration list for PBXNativeTarget "HW5M3P8_Persistent" */;
			buildPhases = (
				1D813E132CABF90400663B93 /* Sources */,
				1D813E142CABF90400663B93 /* Frameworks */,
				1D813E152CABF90400663B93 /* Resources */,
			);
			buildRules = (
			);
			dependencies = (
			);
			name = HW5M3P8_Persistent;
			packageProductDependencies = (
				1D8322B92CAE9EE00094903A /* FirebaseAnalytics */,
				1D8322BB2CAE9EE00094903A /* FirebaseAnalyticsOnDeviceConversion */,
				1D8322BD2CAE9EE00094903A /* FirebaseAnalyticsWithoutAdIdSupport */,
				1D8322BF2CAE9EE00094903A /* FirebaseAppCheck */,
				1D8322C12CAE9EE00094903A /* FirebaseAppDistribution-Beta */,
				1D8322C62CAEA7C10094903A /* FirebaseAuth */,
				1D8322C82CAEA7C50094903A /* FirebaseCore */,
				1D8322CA2CAEA7D10094903A /* FirebaseDatabase */,
				1D8322CC2CAEA7D60094903A /* FirebaseFirestore */,
				1D8322CE2CAEA7DF0094903A /* FirebaseStorage */,
			);
			productName = HW5M3P8_Persistent;
			productReference = 1D813E172CABF90400663B93 /* HW5M3P8_Persistent.app */;
			productType = "com.apple.product-type.application";
		};
/* End PBXNativeTarget section */

/* Begin PBXProject section */
		1D813E0F2CABF90400663B93 /* Project object */ = {
			isa = PBXProject;
			attributes = {
				BuildIndependentTargetsInParallel = 1;
				LastSwiftUpdateCheck = 1540;
				LastUpgradeCheck = 1540;
				TargetAttributes = {
					1D813E162CABF90400663B93 = {
						CreatedOnToolsVersion = 15.4;
					};
				};
			};
			buildConfigurationList = 1D813E122CABF90400663B93 /* Build configuration list for PBXProject "HW5M3P8_Persistent" */;
			compatibilityVersion = "Xcode 14.0";
			developmentRegion = en;
			hasScannedForEncodings = 0;
			knownRegions = (
				en,
				Base,
			);
			mainGroup = 1D813E0E2CABF90400663B93;
			packageReferences = (
				1D8322B82CAE9EE00094903A /* XCRemoteSwiftPackageReference "firebase-ios-sdk" */,
			);
			productRefGroup = 1D813E182CABF90400663B93 /* Products */;
			projectDirPath = "";
			projectRoot = "";
			targets = (
				1D813E162CABF90400663B93 /* HW5M3P8_Persistent */,
			);
		};
/* End PBXProject section */

/* Begin PBXResourcesBuildPhase section */
		1D813E152CABF90400663B93 /* Resources */ = {
			isa = PBXResourcesBuildPhase;
			buildActionMask = 2147483647;
			files = (
				1D813E242CABF90800663B93 /* Assets.xcassets in Resources */,
				1D8322D12CAEA8E00094903A /* GoogleService-Info.plist in Resources */,
				1D813E272CABF90800663B93 /* Base in Resources */,
				1D813E222CABF90400663B93 /* Base in Resources */,
			);
			runOnlyForDeploymentPostprocessing = 0;
		};
/* End PBXResourcesBuildPhase section */

/* Begin PBXSourcesBuildPhase section */
		1D813E132CABF90400663B93 /* Sources */ = {
			isa = PBXSourcesBuildPhase;
			buildActionMask = 2147483647;
			files = (
				1D813E1F2CABF90400663B93 /* ViewController.swift in Sources */,
				1D8322C42CAEA7340094903A /* Service.swift in Sources */,
				1D813E1B2CABF90400663B93 /* AppDelegate.swift in Sources */,
				1D813E1D2CABF90400663B93 /* SceneDelegate.swift in Sources */,
			);
			runOnlyForDeploymentPostprocessing = 0;
		};
/* End PBXSourcesBuildPhase section */

/* Begin PBXVariantGroup section */
		1D813E202CABF90400663B93 /* Main.storyboard */ = {
			isa = PBXVariantGroup;
			children = (
				1D813E212CABF90400663B93 /* Base */,
			);
			name = Main.storyboard;
			sourceTree = "<group>";
		};
		1D813E252CABF90800663B93 /* LaunchScreen.storyboard */ = {
			isa = PBXVariantGroup;
			children = (
				1D813E262CABF90800663B93 /* Base */,
			);
			name = LaunchScreen.storyboard;
			sourceTree = "<group>";
		};
/* End PBXVariantGroup section */

/* Begin XCBuildConfiguration section */
		1D813E292CABF90800663B93 /* Debug */ = {
			isa = XCBuildConfiguration;
			buildSettings = {
				ALWAYS_SEARCH_USER_PATHS = NO;
				ASSETCATALOG_COMPILER_GENERATE_SWIFT_ASSET_SYMBOL_EXTENSIONS = YES;
				CLANG_ANALYZER_NONNULL = YES;
				CLANG_ANALYZER_NUMBER_OBJECT_CONVERSION = YES_AGGRESSIVE;
				CLANG_CXX_LANGUAGE_STANDARD = "gnu++20";
				CLANG_ENABLE_MODULES = YES;
				CLANG_ENABLE_OBJC_ARC = YES;
				CLANG_ENABLE_OBJC_WEAK = YES;
				CLANG_WARN_BLOCK_CAPTURE_AUTORELEASING = YES;
				CLANG_WARN_BOOL_CONVERSION = YES;
				CLANG_WARN_COMMA = YES;
				CLANG_WARN_CONSTANT_CONVERSION = YES;
				CLANG_WARN_DEPRECATED_OBJC_IMPLEMENTATIONS = YES;
				CLANG_WARN_DIRECT_OBJC_ISA_USAGE = YES_ERROR;
				CLANG_WARN_DOCUMENTATION_COMMENTS = YES;
				CLANG_WARN_EMPTY_BODY = YES;
				CLANG_WARN_ENUM_CONVERSION = YES;
				CLANG_WARN_INFINITE_RECURSION = YES;
				CLANG_WARN_INT_CONVERSION = YES;
				CLANG_WARN_NON_LITERAL_NULL_CONVERSION = YES;
				CLANG_WARN_OBJC_IMPLICIT_RETAIN_SELF = YES;
				CLANG_WARN_OBJC_LITERAL_CONVERSION = YES;
				CLANG_WARN_OBJC_ROOT_CLASS = YES_ERROR;
				CLANG_WARN_QUOTED_INCLUDE_IN_FRAMEWORK_HEADER = YES;
				CLANG_WARN_RANGE_LOOP_ANALYSIS = YES;
				CLANG_WARN_STRICT_PROTOTYPES = YES;
				CLANG_WARN_SUSPICIOUS_MOVE = YES;
				CLANG_WARN_UNGUARDED_AVAILABILITY = YES_AGGRESSIVE;
				CLANG_WARN_UNREACHABLE_CODE = YES;
				CLANG_WARN__DUPLICATE_METHOD_MATCH = YES;
				COPY_PHASE_STRIP = NO;
				DEBUG_INFORMATION_FORMAT = dwarf;
				ENABLE_STRICT_OBJC_MSGSEND = YES;
				ENABLE_TESTABILITY = YES;
				ENABLE_USER_SCRIPT_SANDBOXING = YES;
				GCC_C_LANGUAGE_STANDARD = gnu17;
				GCC_DYNAMIC_NO_PIC = NO;
				GCC_NO_COMMON_BLOCKS = YES;
				GCC_OPTIMIZATION_LEVEL = 0;
				GCC_PREPROCESSOR_DEFINITIONS = (
					"DEBUG=1",
					"$(inherited)",
				);
				GCC_WARN_64_TO_32_BIT_CONVERSION = YES;
				GCC_WARN_ABOUT_RETURN_TYPE = YES_ERROR;
				GCC_WARN_UNDECLARED_SELECTOR = YES;
				GCC_WARN_UNINITIALIZED_AUTOS = YES_AGGRESSIVE;
				GCC_WARN_UNUSED_FUNCTION = YES;
				GCC_WARN_UNUSED_VARIABLE = YES;
				IPHONEOS_DEPLOYMENT_TARGET = 17.5;
				LOCALIZATION_PREFERS_STRING_CATALOGS = YES;
				MTL_ENABLE_DEBUG_INFO = INCLUDE_SOURCE;
				MTL_FAST_MATH = YES;
				ONLY_ACTIVE_ARCH = YES;
				SDKROOT = iphoneos;
				SWIFT_ACTIVE_COMPILATION_CONDITIONS = "DEBUG $(inherited)";
				SWIFT_OPTIMIZATION_LEVEL = "-Onone";
			};
			name = Debug;
		};
		1D813E2A2CABF90800663B93 /* Release */ = {
			isa = XCBuildConfiguration;
			buildSettings = {
				ALWAYS_SEARCH_USER_PATHS = NO;
				ASSETCATALOG_COMPILER_GENERATE_SWIFT_ASSET_SYMBOL_EXTENSIONS = YES;
				CLANG_ANALYZER_NONNULL = YES;
				CLANG_ANALYZER_NUMBER_OBJECT_CONVERSION = YES_AGGRESSIVE;
				CLANG_CXX_LANGUAGE_STANDARD = "gnu++20";
				CLANG_ENABLE_MODULES = YES;
				CLANG_ENABLE_OBJC_ARC = YES;
				CLANG_ENABLE_OBJC_WEAK = YES;
				CLANG_WARN_BLOCK_CAPTURE_AUTORELEASING = YES;
				CLANG_WARN_BOOL_CONVERSION = YES;
				CLANG_WARN_COMMA = YES;
				CLANG_WARN_CONSTANT_CONVERSION = YES;
				CLANG_WARN_DEPRECATED_OBJC_IMPLEMENTATIONS = YES;
				CLANG_WARN_DIRECT_OBJC_ISA_USAGE = YES_ERROR;
				CLANG_WARN_DOCUMENTATION_COMMENTS = YES;
				CLANG_WARN_EMPTY_BODY = YES;
				CLANG_WARN_ENUM_CONVERSION = YES;
				CLANG_WARN_INFINITE_RECURSION = YES;
				CLANG_WARN_INT_CONVERSION = YES;
				CLANG_WARN_NON_LITERAL_NULL_CONVERSION = YES;
				CLANG_WARN_OBJC_IMPLICIT_RETAIN_SELF = YES;
				CLANG_WARN_OBJC_LITERAL_CONVERSION = YES;
				CLANG_WARN_OBJC_ROOT_CLASS = YES_ERROR;
				CLANG_WARN_QUOTED_INCLUDE_IN_FRAMEWORK_HEADER = YES;
				CLANG_WARN_RANGE_LOOP_ANALYSIS = YES;
				CLANG_WARN_STRICT_PROTOTYPES = YES;
				CLANG_WARN_SUSPICIOUS_MOVE = YES;
				CLANG_WARN_UNGUARDED_AVAILABILITY = YES_AGGRESSIVE;
				CLANG_WARN_UNREACHABLE_CODE = YES;
				CLANG_WARN__DUPLICATE_METHOD_MATCH = YES;
				COPY_PHASE_STRIP = NO;
				DEBUG_INFORMATION_FORMAT = "dwarf-with-dsym";
				ENABLE_NS_ASSERTIONS = NO;
				ENABLE_STRICT_OBJC_MSGSEND = YES;
				ENABLE_USER_SCRIPT_SANDBOXING = YES;
				GCC_C_LANGUAGE_STANDARD = gnu17;
				GCC_NO_COMMON_BLOCKS = YES;
				GCC_WARN_64_TO_32_BIT_CONVERSION = YES;
				GCC_WARN_ABOUT_RETURN_TYPE = YES_ERROR;
				GCC_WARN_UNDECLARED_SELECTOR = YES;
				GCC_WARN_UNINITIALIZED_AUTOS = YES_AGGRESSIVE;
				GCC_WARN_UNUSED_FUNCTION = YES;
				GCC_WARN_UNUSED_VARIABLE = YES;
				IPHONEOS_DEPLOYMENT_TARGET = 17.5;
				LOCALIZATION_PREFERS_STRING_CATALOGS = YES;
				MTL_ENABLE_DEBUG_INFO = NO;
				MTL_FAST_MATH = YES;
				SDKROOT = iphoneos;
				SWIFT_COMPILATION_MODE = wholemodule;
				VALIDATE_PRODUCT = YES;
			};
			name = Release;
		};
		1D813E2C2CABF90800663B93 /* Debug */ = {
			isa = XCBuildConfiguration;
			buildSettings = {
				ASSETCATALOG_COMPILER_APPICON_NAME = AppIcon;
				ASSETCATALOG_COMPILER_GLOBAL_ACCENT_COLOR_NAME = AccentColor;
				CODE_SIGN_STYLE = Automatic;
				CURRENT_PROJECT_VERSION = 1;
				GENERATE_INFOPLIST_FILE = YES;
				INFOPLIST_FILE = HW5M3P8_Persistent/Info.plist;
				INFOPLIST_KEY_UIApplicationSupportsIndirectInputEvents = YES;
				INFOPLIST_KEY_UILaunchStoryboardName = LaunchScreen;
				INFOPLIST_KEY_UIMainStoryboardFile = Main;
				INFOPLIST_KEY_UISupportedInterfaceOrientations_iPad = "UIInterfaceOrientationPortrait UIInterfaceOrientationPortraitUpsideDown UIInterfaceOrientationLandscapeLeft UIInterfaceOrientationLandscapeRight";
				INFOPLIST_KEY_UISupportedInterfaceOrientations_iPhone = "UIInterfaceOrientationPortrait UIInterfaceOrientationLandscapeLeft UIInterfaceOrientationLandscapeRight";
				LD_RUNPATH_SEARCH_PATHS = (
					"$(inherited)",
					"@executable_path/Frameworks",
				);
				MARKETING_VERSION = 1.0;
				PRODUCT_BUNDLE_IDENTIFIER = "com.baha.HW5M3P8-Persistent";
				PRODUCT_NAME = "$(TARGET_NAME)";
				SWIFT_EMIT_LOC_STRINGS = YES;
				SWIFT_VERSION = 5.0;
				TARGETED_DEVICE_FAMILY = "1,2";
			};
			name = Debug;
		};
		1D813E2D2CABF90800663B93 /* Release */ = {
			isa = XCBuildConfiguration;
			buildSettings = {
				ASSETCATALOG_COMPILER_APPICON_NAME = AppIcon;
				ASSETCATALOG_COMPILER_GLOBAL_ACCENT_COLOR_NAME = AccentColor;
				CODE_SIGN_STYLE = Automatic;
				CURRENT_PROJECT_VERSION = 1;
				GENERATE_INFOPLIST_FILE = YES;
				INFOPLIST_FILE = HW5M3P8_Persistent/Info.plist;
				INFOPLIST_KEY_UIApplicationSupportsIndirectInputEvents = YES;
				INFOPLIST_KEY_UILaunchStoryboardName = LaunchScreen;
				INFOPLIST_KEY_UIMainStoryboardFile = Main;
				INFOPLIST_KEY_UISupportedInterfaceOrientations_iPad = "UIInterfaceOrientationPortrait UIInterfaceOrientationPortraitUpsideDown UIInterfaceOrientationLandscapeLeft UIInterfaceOrientationLandscapeRight";
				INFOPLIST_KEY_UISupportedInterfaceOrientations_iPhone = "UIInterfaceOrientationPortrait UIInterfaceOrientationLandscapeLeft UIInterfaceOrientationLandscapeRight";
				LD_RUNPATH_SEARCH_PATHS = (
					"$(inherited)",
					"@executable_path/Frameworks",
				);
				MARKETING_VERSION = 1.0;
				PRODUCT_BUNDLE_IDENTIFIER = "com.baha.HW5M3P8-Persistent";
				PRODUCT_NAME = "$(TARGET_NAME)";
				SWIFT_EMIT_LOC_STRINGS = YES;
				SWIFT_VERSION = 5.0;
				TARGETED_DEVICE_FAMILY = "1,2";
			};
			name = Release;
		};
/* End XCBuildConfiguration section */

/* Begin XCConfigurationList section */
		1D813E122CABF90400663B93 /* Build configuration list for PBXProject "HW5M3P8_Persistent" */ = {
			isa = XCConfigurationList;
			buildConfigurations = (
				1D813E292CABF90800663B93 /* Debug */,
				1D813E2A2CABF90800663B93 /* Release */,
			);
			defaultConfigurationIsVisible = 0;
			defaultConfigurationName = Release;
		};
		1D813E2B2CABF90800663B93 /* Build configuration list for PBXNativeTarget "HW5M3P8_Persistent" */ = {
			isa = XCConfigurationList;
			buildConfigurations = (
				1D813E2C2CABF90800663B93 /* Debug */,
				1D813E2D2CABF90800663B93 /* Release */,
			);
			defaultConfigurationIsVisible = 0;
			defaultConfigurationName = Release;
		};
/* End XCConfigurationList section */

/* Begin XCRemoteSwiftPackageReference section */
		1D8322B82CAE9EE00094903A /* XCRemoteSwiftPackageReference "firebase-ios-sdk" */ = {
			isa = XCRemoteSwiftPackageReference;
			repositoryURL = "https://github.com/firebase/firebase-ios-sdk";
			requirement = {
				kind = upToNextMajorVersion;
				minimumVersion = 11.3.0;
			};
		};
/* End XCRemoteSwiftPackageReference section */

/* Begin XCSwiftPackageProductDependency section */
		1D8322B92CAE9EE00094903A /* FirebaseAnalytics */ = {
			isa = XCSwiftPackageProductDependency;
			package = 1D8322B82CAE9EE00094903A /* XCRemoteSwiftPackageReference "firebase-ios-sdk" */;
			productName = FirebaseAnalytics;
		};
		1D8322BB2CAE9EE00094903A /* FirebaseAnalyticsOnDeviceConversion */ = {
			isa = XCSwiftPackageProductDependency;
			package = 1D8322B82CAE9EE00094903A /* XCRemoteSwiftPackageReference "firebase-ios-sdk" */;
			productName = FirebaseAnalyticsOnDeviceConversion;
		};
		1D8322BD2CAE9EE00094903A /* FirebaseAnalyticsWithoutAdIdSupport */ = {
			isa = XCSwiftPackageProductDependency;
			package = 1D8322B82CAE9EE00094903A /* XCRemoteSwiftPackageReference "firebase-ios-sdk" */;
			productName = FirebaseAnalyticsWithoutAdIdSupport;
		};
		1D8322BF2CAE9EE00094903A /* FirebaseAppCheck */ = {
			isa = XCSwiftPackageProductDependency;
			package = 1D8322B82CAE9EE00094903A /* XCRemoteSwiftPackageReference "firebase-ios-sdk" */;
			productName = FirebaseAppCheck;
		};
		1D8322C12CAE9EE00094903A /* FirebaseAppDistribution-Beta */ = {
			isa = XCSwiftPackageProductDependency;
			package = 1D8322B82CAE9EE00094903A /* XCRemoteSwiftPackageReference "firebase-ios-sdk" */;
			productName = "FirebaseAppDistribution-Beta";
		};
		1D8322C62CAEA7C10094903A /* FirebaseAuth */ = {
			isa = XCSwiftPackageProductDependency;
			package = 1D8322B82CAE9EE00094903A /* XCRemoteSwiftPackageReference "firebase-ios-sdk" */;
			productName = FirebaseAuth;
		};
		1D8322C82CAEA7C50094903A /* FirebaseCore */ = {
			isa = XCSwiftPackageProductDependency;
			package = 1D8322B82CAE9EE00094903A /* XCRemoteSwiftPackageReference "firebase-ios-sdk" */;
			productName = FirebaseCore;
		};
		1D8322CA2CAEA7D10094903A /* FirebaseDatabase */ = {
			isa = XCSwiftPackageProductDependency;
			package = 1D8322B82CAE9EE00094903A /* XCRemoteSwiftPackageReference "firebase-ios-sdk" */;
			productName = FirebaseDatabase;
		};
		1D8322CC2CAEA7D60094903A /* FirebaseFirestore */ = {
			isa = XCSwiftPackageProductDependency;
			package = 1D8322B82CAE9EE00094903A /* XCRemoteSwiftPackageReference "firebase-ios-sdk" */;
			productName = FirebaseFirestore;
		};
		1D8322CE2CAEA7DF0094903A /* FirebaseStorage */ = {
			isa = XCSwiftPackageProductDependency;
			package = 1D8322B82CAE9EE00094903A /* XCRemoteSwiftPackageReference "firebase-ios-sdk" */;
			productName = FirebaseStorage;
		};
/* End XCSwiftPackageProductDependency section */
	};
	rootObject = 1D813E0F2CABF90400663B93 /* Project object */;
}
